
Microsoft Visual Studio Solution File, Format Version 12.00
# Visual Studio Version 16
VisualStudioVersion = 16.0.29709.97
MinimumVisualStudioVersion = 10.0.40219.1
Project("{FAE04EC0-301F-11D3-BF4B-00C04F79EFBC}") = "EssentialsDemo.Android", "EssentialsDemo\EssentialsDemo.Android\EssentialsDemo.Android.csproj", "{891E83A0-BF68-43A5-A84D-45C794ED80A8}"
EndProject
Project("{FAE04EC0-301F-11D3-BF4B-00C04F79EFBC}") = "EssentialsDemo.iOS", "EssentialsDemo\EssentialsDemo.iOS\EssentialsDemo.iOS.csproj", "{9217729E-54C7-4806-A2A0-420AD57E7561}"
EndProject
Project("{FAE04EC0-301F-11D3-BF4B-00C04F79EFBC}") = "EssentialsDemo", "EssentialsDemo\EssentialsDemo\EssentialsDemo.csproj", "{37978DF4-645E-4D27-9AF7-B43F238ECB0C}"
EndProject
Global
	GlobalSection(SolutionConfigurationPlatforms) = preSolution
		Debug|Any CPU = Debug|Any CPU
		Debug|iPhone = Debug|iPhone
		Debug|iPhoneSimulator = Debug|iPhoneSimulator
		Release|Any CPU = Release|Any CPU
		Release|iPhone = Release|iPhone
		Release|iPhoneSimulator = Release|iPhoneSimulator
	EndGlobalSection
	GlobalSection(ProjectConfigurationPlatforms) = postSolution
		{891E83A0-BF68-43A5-A84D-45C794ED80A8}.Debug|Any CPU.ActiveCfg = Debug|Any CPU
		{891E83A0-BF68-43A5-A84D-45C794ED80A8}.Debug|Any CPU.Build.0 = Debug|Any CPU
		{891E83A0-BF68-43A5-A84D-45C794ED80A8}.Debug|Any CPU.Deploy.0 = Debug|Any CPU
		{891E83A0-BF68-43A5-A84D-45C794ED80A8}.Debug|iPhone.ActiveCfg = Debug|Any CPU
		{891E83A0-BF68-43A5-A84D-45C794ED80A8}.Debug|iPhone.Build.0 = Debug|Any CPU
		{891E83A0-BF68-43A5-A84D-45C794ED80A8}.Debug|iPhone.Deploy.0 = Debug|Any CPU
		{891E83A0-BF68-43A5-A84D-45C794ED80A8}.Debug|iPhoneSimulator.ActiveCfg = Debug|Any CPU
		{891E83A0-BF68-43A5-A84D-45C794ED80A8}.Debug|iPhoneSimulator.Build.0 = Debug|Any CPU
		{891E83A0-BF68-43A5-A84D-45C794ED80A8}.Debug|iPhoneSimulator.Deploy.0 = Debug|Any CPU
		{891E83A0-BF68-43A5-A84D-45C794ED80A8}.Release|Any CPU.ActiveCfg = Release|Any CPU
		{891E83A0-BF68-43A5-A84D-45C794ED80A8}.Release|Any CPU.Build.0 = Release|Any CPU
		{891E83A0-BF68-43A5-A84D-45C794ED80A8}.Release|Any CPU.Deploy.0 = Release|Any CPU
		{891E83A0-BF68-43A5-A84D-45C794ED80A8}.Release|iPhone.ActiveCfg = Release|Any CPU
		{891E83A0-BF68-43A5-A84D-45C794ED80A8}.Release|iPhone.Build.0 = Release|Any CPU
		{891E83A0-BF68-43A5-A84D-45C794ED80A8}.Release|iPhone.Deploy.0 = Release|Any CPU
		{891E83A0-BF68-43A5-A84D-45C794ED80A8}.Release|iPhoneSimulator.ActiveCfg = Release|Any CPU
		{891E83A0-BF68-43A5-A84D-45C794ED80A8}.Release|iPhoneSimulator.Build.0 = Release|Any CPU
		{891E83A0-BF68-43A5-A84D-45C794ED80A8}.Release|iPhoneSimulator.Deploy.0 = Release|Any CPU
		{9217729E-54C7-4806-A2A0-420AD57E7561}.Debug|Any CPU.ActiveCfg = Debug|iPhoneSimulator
		{9217729E-54C7-4806-A2A0-420AD57E7561}.Debug|Any CPU.Build.0 = Debug|iPhoneSimulator
		{9217729E-54C7-4806-A2A0-420AD57E7561}.Debug|Any CPU.Deploy.0 = Debug|iPhoneSimulator
		{9217729E-54C7-4806-A2A0-420AD57E7561}.Debug|iPhone.ActiveCfg = Debug|iPhone
		{9217729E-54C7-4806-A2A0-420AD57E7561}.Debug|iPhone.Build.0 = Debug|iPhone
		{9217729E-54C7-4806-A2A0-420AD57E7561}.Debug|iPhone.Deploy.0 = Debug|iPhone
		{9217729E-54C7-4806-A2A0-420AD57E7561}.Debug|iPhoneSimulator.ActiveCfg = Debug|iPhoneSimulator
		{9217729E-54C7-4806-A2A0-420AD57E7561}.Debug|iPhoneSimulator.Build.0 = Debug|iPhoneSimulator
		{9217729E-54C7-4806-A2A0-420AD57E7561}.Debug|iPhoneSimulator.Deploy.0 = Debug|iPhoneSimulator
		{9217729E-54C7-4806-A2A0-420AD57E7561}.Release|Any CPU.ActiveCfg = Release|iPhone
		{9217729E-54C7-4806-A2A0-420AD57E7561}.Release|Any CPU.Build.0 = Release|iPhone
		{9217729E-54C7-4806-A2A0-420AD57E7561}.Release|Any CPU.Deploy.0 = Release|iPhone
		{9217729E-54C7-4806-A2A0-420AD57E7561}.Release|iPhone.ActiveCfg = Release|iPhone
		{9217729E-54C7-4806-A2A0-420AD57E7561}.Release|iPhone.Build.0 = Release|iPhone
		{9217729E-54C7-4806-A2A0-420AD57E7561}.Release|iPhone.Deploy.0 = Release|iPhone
		{9217729E-54C7-4806-A2A0-420AD57E7561}.Release|iPhoneSimulator.ActiveCfg = Release|iPhoneSimulator
		{9217729E-54C7-4806-A2A0-420AD57E7561}.Release|iPhoneSimulator.Build.0 = Release|iPhoneSimulator
		{9217729E-54C7-4806-A2A0-420AD57E7561}.Release|iPhoneSimulator.Deploy.0 = Release|iPhoneSimulator
		{37978DF4-645E-4D27-9AF7-B43F238ECB0C}.Debug|Any CPU.ActiveCfg = Debug|Any CPU
		{37978DF4-645E-4D27-9AF7-B43F238ECB0C}.Debug|Any CPU.Build.0 = Debug|Any CPU
		{37978DF4-645E-4D27-9AF7-B43F238ECB0C}.Debug|Any CPU.Deploy.0 = Debug|Any CPU
		{37978DF4-645E-4D27-9AF7-B43F238ECB0C}.Debug|iPhone.ActiveCfg = Debug|Any CPU
		{37978DF4-645E-4D27-9AF7-B43F238ECB0C}.Debug|iPhone.Build.0 = Debug|Any CPU
		{37978DF4-645E-4D27-9AF7-B43F238ECB0C}.Debug|iPhone.Deploy.0 = Debug|Any CPU
		{37978DF4-645E-4D27-9AF7-B43F238ECB0C}.Debug|iPhoneSimulator.ActiveCfg = Debug|Any CPU
		{37978DF4-645E-4D27-9AF7-B43F238ECB0C}.Debug|iPhoneSimulator.Build.0 = Debug|Any CPU
		{37978DF4-645E-4D27-9AF7-B43F238ECB0C}.Debug|iPhoneSimulator.Deploy.0 = Debug|Any CPU
		{37978DF4-645E-4D27-9AF7-B43F238ECB0C}.Release|Any CPU.ActiveCfg = Release|Any CPU
		{37978DF4-645E-4D27-9AF7-B43F238ECB0C}.Release|Any CPU.Build.0 = Release|Any CPU
		{37978DF4-645E-4D27-9AF7-B43F238ECB0C}.Release|Any CPU.Deploy.0 = Release|Any CPU
		{37978DF4-645E-4D27-9AF7-B43F238ECB0C}.Release|iPhone.ActiveCfg = Release|Any CPU
		{37978DF4-645E-4D27-9AF7-B43F238ECB0C}.Release|iPhone.Build.0 = Release|Any CPU
		{37978DF4-645E-4D27-9AF7-B43F238ECB0C}.Release|iPhone.Deploy.0 = Release|Any CPU
		{37978DF4-645E-4D27-9AF7-B43F238ECB0C}.Release|iPhoneSimulator.ActiveCfg = Release|Any CPU
		{37978DF4-645E-4D27-9AF7-B43F238ECB0C}.Release|iPhoneSimulator.Build.0 = Release|Any CPU
		{37978DF4-645E-4D27-9AF7-B43F238ECB0C}.Release|iPhoneSimulator.Deploy.0 = Release|Any CPU
	EndGlobalSection
	GlobalSection(SolutionProperties) = preSolution
		HideSolutionNode = FALSE
	EndGlobalSection
	GlobalSection(ExtensibilityGlobals) = postSolution
		SolutionGuid = {EF062329-6E0C-4510-91FD-6079587D574F}
	EndGlobalSection
EndGlobal
